
Microsoft Visual Studio Solution File, Format Version 12.00
# Visual Studio Version 17
VisualStudioVersion = 17.9.34728.123
MinimumVisualStudioVersion = 10.0.40219.1
Project("{FAE04EC0-301F-11D3-BF4B-00C04F79EFBC}") = "PlantWateringAPI", "PlantWateringAPI\PlantWateringAPI.csproj", "{D5556E4B-85B2-44DF-813C-8E33A8279B6F}"
EndProject
Global
	GlobalSection(SolutionConfigurationPlatforms) = preSolution
		Debug|Any CPU = Debug|Any CPU
		Release|Any CPU = Release|Any CPU
	EndGlobalSection
	GlobalSection(ProjectConfigurationPlatforms) = postSolution
		{D5556E4B-85B2-44DF-813C-8E33A8279B6F}.Debug|Any CPU.ActiveCfg = Debug|Any CPU
		{D5556E4B-85B2-44DF-813C-8E33A8279B6F}.Debug|Any CPU.Build.0 = Debug|Any CPU
		{D5556E4B-85B2-44DF-813C-8E33A8279B6F}.Release|Any CPU.ActiveCfg = Release|Any CPU
		{D5556E4B-85B2-44DF-813C-8E33A8279B6F}.Release|Any CPU.Build.0 = Release|Any CPU
	EndGlobalSection
	GlobalSection(SolutionProperties) = preSolution
		HideSolutionNode = FALSE
	EndGlobalSection
	GlobalSection(ExtensibilityGlobals) = postSolution
		SolutionGuid = {B92F0BD5-F8F2-4F5A-AF80-0DAF3D7F4325}
	EndGlobalSection
EndGlobal
